
Microsoft Visual Studio Solution File, Format Version 12.00
# Visual Studio 15
VisualStudioVersion = 15.0.27703.2026
MinimumVisualStudioVersion = 10.0.40219.1
Project("{2150E333-8FDC-42A3-9474-1A3956D46DE8}") = "UnitTests", "UnitTests", "{6F8A4C3F-3547-4B0C-BA77-69BD9A4C08C8}"
EndProject
Project("{2150E333-8FDC-42A3-9474-1A3956D46DE8}") = "Reference Tests", "Reference Tests", "{C04B9095-2EFB-4974-88A7-D3DC051C98BF}"
EndProject
Project("{8BC9CEB8-8B4A-11D0-8D11-00A0C91BC942}") = "Catch_Testset01", "ReferenceTests\MSBuild\Projects\Catch_Testset01\Catch_Testset01.vcxproj", "{485C13B7-2858-428F-9010-3B44E7C10E77}"
EndProject
Project("{8BC9CEB8-8B4A-11D0-8D11-00A0C91BC942}") = "Catch_Testset02", "ReferenceTests\MSBuild\Projects\Catch_Testset02\Catch_Testset02.vcxproj", "{0468DB6A-4DA8-4214-880A-499B08D315DE}"
EndProject
Project("{8BC9CEB8-8B4A-11D0-8D11-00A0C91BC942}") = "Catch_Testset03", "ReferenceTests\MSBuild\Projects\Catch_Testset03\Catch_Testset03.vcxproj", "{0B171E0C-0CB1-4FFD-AC55-79BBF0C233B9}"
EndProject
Project("{8BC9CEB8-8B4A-11D0-8D11-00A0C91BC942}") = "Catch_Dummy", "ReferenceTests\MSBuild\Projects\Catch_Dummy\Catch_Dummy.vcxproj", "{EA4A2711-386D-4A1B-9234-CBFFE3D23307}"
EndProject
Project("{FAE04EC0-301F-11D3-BF4B-00C04F79EFBC}") = "UT_Catch2Interface", "UnitTests\UT_Catch2Interface\UT_Catch2Interface.csproj", "{57C79223-CCBE-4565-A175-6232DA9C50FC}"
EndProject
Project("{2150E333-8FDC-42A3-9474-1A3956D46DE8}") = "VSIX", "VSIX", "{D2773C29-88F8-4B67-9874-4534A47A9D74}"
EndProject
Project("{2150E333-8FDC-42A3-9474-1A3956D46DE8}") = "Class Libraries", "Class Libraries", "{B4A54678-F45D-4252-8CDF-9D549E42797A}"
EndProject
Project("{FAE04EC0-301F-11D3-BF4B-00C04F79EFBC}") = "Catch2Interface", "Libraries\Catch2Interface\Catch2Interface.csproj", "{080FBAE5-1808-4022-A1AF-14F43D8E6030}"
EndProject
Project("{FAE04EC0-301F-11D3-BF4B-00C04F79EFBC}") = "Catch2TestAdapter", "Libraries\Catch2TestAdapter\Catch2TestAdapter.csproj", "{30A41C70-7668-40F7-9DC3-1870F440ABB1}"
EndProject
Project("{FAE04EC0-301F-11D3-BF4B-00C04F79EFBC}") = "VSTestAdapterCatch2", "VSIX\VSTestAdapterCatch2\VSTestAdapterCatch2.csproj", "{289EE75E-CBB6-4179-B61C-8EED1554CFF7}"
EndProject
Project("{8BC9CEB8-8B4A-11D0-8D11-00A0C91BC942}") = "Catch_Testset04", "ReferenceTests\MSBuild\Projects\Catch_Testset04\Catch_Testset04.vcxproj", "{6F30DB9F-419F-4EAC-AAFC-17C97C94DA9A}"
EndProject
Project("{8BC9CEB8-8B4A-11D0-8D11-00A0C91BC942}") = "Catch_NoSEH", "ReferenceTests\MSBuild\Projects\Catch_NoSEH\Catch_NoSEH.vcxproj", "{93AAED31-C6A6-4BFE-ABED-D750C575BA10}"
EndProject
Project("{2150E333-8FDC-42A3-9474-1A3956D46DE8}") = "Solution Items", "Solution Items", "{A12ED758-A9CF-49ED-ADC8-8B09CCC59955}"
	ProjectSection(SolutionItems) = preProject
		VSTestAdapterCatch2.runsettings = VSTestAdapterCatch2.runsettings
	EndProjectSection
EndProject
Project("{2150E333-8FDC-42A3-9474-1A3956D46DE8}") = "Propertysheets", "Propertysheets", "{AEAC44E5-9F57-4087-A236-272D35364B50}"
	ProjectSection(SolutionItems) = preProject
		ReferenceTests\MSBuild\PropertySheets\RefTest_Paths.props = ReferenceTests\MSBuild\PropertySheets\RefTest_Paths.props
		ReferenceTests\MSBuild\PropertySheets\RefTest_Platform_exe.props = ReferenceTests\MSBuild\PropertySheets\RefTest_Platform_exe.props
		ReferenceTests\MSBuild\PropertySheets\RefTest_ProjectConfigs.props = ReferenceTests\MSBuild\PropertySheets\RefTest_ProjectConfigs.props
		ReferenceTests\MSBuild\PropertySheets\RefTest_UnitTest_Catch2.props = ReferenceTests\MSBuild\PropertySheets\RefTest_UnitTest_Catch2.props
	EndProjectSection
EndProject
Global
	GlobalSection(SolutionConfigurationPlatforms) = preSolution
		Debug|Any CPU = Debug|Any CPU
		Debug|x64 = Debug|x64
		Debug|x86 = Debug|x86
		Release|Any CPU = Release|Any CPU
		Release|x64 = Release|x64
		Release|x86 = Release|x86
	EndGlobalSection
	GlobalSection(ProjectConfigurationPlatforms) = postSolution
		{485C13B7-2858-428F-9010-3B44E7C10E77}.Debug|Any CPU.ActiveCfg = Debug|Win32
		{485C13B7-2858-428F-9010-3B44E7C10E77}.Debug|x64.ActiveCfg = Debug|x64
		{485C13B7-2858-428F-9010-3B44E7C10E77}.Debug|x64.Build.0 = Debug|x64
		{485C13B7-2858-428F-9010-3B44E7C10E77}.Debug|x86.ActiveCfg = Debug|Win32
		{485C13B7-2858-428F-9010-3B44E7C10E77}.Debug|x86.Build.0 = Debug|Win32
		{485C13B7-2858-428F-9010-3B44E7C10E77}.Release|Any CPU.ActiveCfg = Release|Win32
		{485C13B7-2858-428F-9010-3B44E7C10E77}.Release|x64.ActiveCfg = Release|x64
		{485C13B7-2858-428F-9010-3B44E7C10E77}.Release|x64.Build.0 = Release|x64
		{485C13B7-2858-428F-9010-3B44E7C10E77}.Release|x86.ActiveCfg = Release|Win32
		{485C13B7-2858-428F-9010-3B44E7C10E77}.Release|x86.Build.0 = Release|Win32
		{0468DB6A-4DA8-4214-880A-499B08D315DE}.Debug|Any CPU.ActiveCfg = Debug|Win32
		{0468DB6A-4DA8-4214-880A-499B08D315DE}.Debug|x64.ActiveCfg = Debug|x64
		{0468DB6A-4DA8-4214-880A-499B08D315DE}.Debug|x64.Build.0 = Debug|x64
		{0468DB6A-4DA8-4214-880A-499B08D315DE}.Debug|x86.ActiveCfg = Debug|Win32
		{0468DB6A-4DA8-4214-880A-499B08D315DE}.Debug|x86.Build.0 = Debug|Win32
		{0468DB6A-4DA8-4214-880A-499B08D315DE}.Release|Any CPU.ActiveCfg = Release|Win32
		{0468DB6A-4DA8-4214-880A-499B08D315DE}.Release|x64.ActiveCfg = Release|x64
		{0468DB6A-4DA8-4214-880A-499B08D315DE}.Release|x64.Build.0 = Release|x64
		{0468DB6A-4DA8-4214-880A-499B08D315DE}.Release|x86.ActiveCfg = Release|Win32
		{0468DB6A-4DA8-4214-880A-499B08D315DE}.Release|x86.Build.0 = Release|Win32
		{0B171E0C-0CB1-4FFD-AC55-79BBF0C233B9}.Debug|Any CPU.ActiveCfg = Debug|Win32
		{0B171E0C-0CB1-4FFD-AC55-79BBF0C233B9}.Debug|x64.ActiveCfg = Debug|x64
		{0B171E0C-0CB1-4FFD-AC55-79BBF0C233B9}.Debug|x64.Build.0 = Debug|x64
		{0B171E0C-0CB1-4FFD-AC55-79BBF0C233B9}.Debug|x86.ActiveCfg = Debug|Win32
		{0B171E0C-0CB1-4FFD-AC55-79BBF0C233B9}.Debug|x86.Build.0 = Debug|Win32
		{0B171E0C-0CB1-4FFD-AC55-79BBF0C233B9}.Release|Any CPU.ActiveCfg = Release|Win32
		{0B171E0C-0CB1-4FFD-AC55-79BBF0C233B9}.Release|x64.ActiveCfg = Release|x64
		{0B171E0C-0CB1-4FFD-AC55-79BBF0C233B9}.Release|x64.Build.0 = Release|x64
		{0B171E0C-0CB1-4FFD-AC55-79BBF0C233B9}.Release|x86.ActiveCfg = Release|Win32
		{0B171E0C-0CB1-4FFD-AC55-79BBF0C233B9}.Release|x86.Build.0 = Release|Win32
		{EA4A2711-386D-4A1B-9234-CBFFE3D23307}.Debug|Any CPU.ActiveCfg = Debug|Win32
		{EA4A2711-386D-4A1B-9234-CBFFE3D23307}.Debug|x64.ActiveCfg = Debug|x64
		{EA4A2711-386D-4A1B-9234-CBFFE3D23307}.Debug|x64.Build.0 = Debug|x64
		{EA4A2711-386D-4A1B-9234-CBFFE3D23307}.Debug|x86.ActiveCfg = Debug|Win32
		{EA4A2711-386D-4A1B-9234-CBFFE3D23307}.Debug|x86.Build.0 = Debug|Win32
		{EA4A2711-386D-4A1B-9234-CBFFE3D23307}.Release|Any CPU.ActiveCfg = Release|Win32
		{EA4A2711-386D-4A1B-9234-CBFFE3D23307}.Release|x64.ActiveCfg = Release|x64
		{EA4A2711-386D-4A1B-9234-CBFFE3D23307}.Release|x64.Build.0 = Release|x64
		{EA4A2711-386D-4A1B-9234-CBFFE3D23307}.Release|x86.ActiveCfg = Release|Win32
		{EA4A2711-386D-4A1B-9234-CBFFE3D23307}.Release|x86.Build.0 = Release|Win32
		{57C79223-CCBE-4565-A175-6232DA9C50FC}.Debug|Any CPU.ActiveCfg = Debug|Any CPU
		{57C79223-CCBE-4565-A175-6232DA9C50FC}.Debug|Any CPU.Build.0 = Debug|Any CPU
		{57C79223-CCBE-4565-A175-6232DA9C50FC}.Debug|x64.ActiveCfg = Debug|Any CPU
		{57C79223-CCBE-4565-A175-6232DA9C50FC}.Debug|x64.Build.0 = Debug|Any CPU
		{57C79223-CCBE-4565-A175-6232DA9C50FC}.Debug|x86.ActiveCfg = Debug|Any CPU
		{57C79223-CCBE-4565-A175-6232DA9C50FC}.Debug|x86.Build.0 = Debug|Any CPU
		{57C79223-CCBE-4565-A175-6232DA9C50FC}.Release|Any CPU.ActiveCfg = Release|Any CPU
		{57C79223-CCBE-4565-A175-6232DA9C50FC}.Release|Any CPU.Build.0 = Release|Any CPU
		{57C79223-CCBE-4565-A175-6232DA9C50FC}.Release|x64.ActiveCfg = Release|Any CPU
		{57C79223-CCBE-4565-A175-6232DA9C50FC}.Release|x64.Build.0 = Release|Any CPU
		{57C79223-CCBE-4565-A175-6232DA9C50FC}.Release|x86.ActiveCfg = Release|Any CPU
		{57C79223-CCBE-4565-A175-6232DA9C50FC}.Release|x86.Build.0 = Release|Any CPU
		{080FBAE5-1808-4022-A1AF-14F43D8E6030}.Debug|Any CPU.ActiveCfg = Debug|Any CPU
		{080FBAE5-1808-4022-A1AF-14F43D8E6030}.Debug|Any CPU.Build.0 = Debug|Any CPU
		{080FBAE5-1808-4022-A1AF-14F43D8E6030}.Debug|x64.ActiveCfg = Debug|Any CPU
		{080FBAE5-1808-4022-A1AF-14F43D8E6030}.Debug|x64.Build.0 = Debug|Any CPU
		{080FBAE5-1808-4022-A1AF-14F43D8E6030}.Debug|x86.ActiveCfg = Debug|Any CPU
		{080FBAE5-1808-4022-A1AF-14F43D8E6030}.Debug|x86.Build.0 = Debug|Any CPU
		{080FBAE5-1808-4022-A1AF-14F43D8E6030}.Release|Any CPU.ActiveCfg = Release|Any CPU
		{080FBAE5-1808-4022-A1AF-14F43D8E6030}.Release|Any CPU.Build.0 = Release|Any CPU
		{080FBAE5-1808-4022-A1AF-14F43D8E6030}.Release|x64.ActiveCfg = Release|Any CPU
		{080FBAE5-1808-4022-A1AF-14F43D8E6030}.Release|x64.Build.0 = Release|Any CPU
		{080FBAE5-1808-4022-A1AF-14F43D8E6030}.Release|x86.ActiveCfg = Release|Any CPU
		{080FBAE5-1808-4022-A1AF-14F43D8E6030}.Release|x86.Build.0 = Release|Any CPU
		{30A41C70-7668-40F7-9DC3-1870F440ABB1}.Debug|Any CPU.ActiveCfg = Debug|Any CPU
		{30A41C70-7668-40F7-9DC3-1870F440ABB1}.Debug|Any CPU.Build.0 = Debug|Any CPU
		{30A41C70-7668-40F7-9DC3-1870F440ABB1}.Debug|x64.ActiveCfg = Debug|Any CPU
		{30A41C70-7668-40F7-9DC3-1870F440ABB1}.Debug|x64.Build.0 = Debug|Any CPU
		{30A41C70-7668-40F7-9DC3-1870F440ABB1}.Debug|x86.ActiveCfg = Debug|Any CPU
		{30A41C70-7668-40F7-9DC3-1870F440ABB1}.Debug|x86.Build.0 = Debug|Any CPU
		{30A41C70-7668-40F7-9DC3-1870F440ABB1}.Release|Any CPU.ActiveCfg = Release|Any CPU
		{30A41C70-7668-40F7-9DC3-1870F440ABB1}.Release|Any CPU.Build.0 = Release|Any CPU
		{30A41C70-7668-40F7-9DC3-1870F440ABB1}.Release|x64.ActiveCfg = Release|Any CPU
		{30A41C70-7668-40F7-9DC3-1870F440ABB1}.Release|x64.Build.0 = Release|Any CPU
		{30A41C70-7668-40F7-9DC3-1870F440ABB1}.Release|x86.ActiveCfg = Release|Any CPU
		{30A41C70-7668-40F7-9DC3-1870F440ABB1}.Release|x86.Build.0 = Release|Any CPU
		{289EE75E-CBB6-4179-B61C-8EED1554CFF7}.Debug|Any CPU.ActiveCfg = Debug|Any CPU
		{289EE75E-CBB6-4179-B61C-8EED1554CFF7}.Debug|Any CPU.Build.0 = Debug|Any CPU
		{289EE75E-CBB6-4179-B61C-8EED1554CFF7}.Debug|x64.ActiveCfg = Debug|Any CPU
		{289EE75E-CBB6-4179-B61C-8EED1554CFF7}.Debug|x64.Build.0 = Debug|Any CPU
		{289EE75E-CBB6-4179-B61C-8EED1554CFF7}.Debug|x86.ActiveCfg = Debug|Any CPU
		{289EE75E-CBB6-4179-B61C-8EED1554CFF7}.Debug|x86.Build.0 = Debug|Any CPU
		{289EE75E-CBB6-4179-B61C-8EED1554CFF7}.Release|Any CPU.ActiveCfg = Release|Any CPU
		{289EE75E-CBB6-4179-B61C-8EED1554CFF7}.Release|Any CPU.Build.0 = Release|Any CPU
		{289EE75E-CBB6-4179-B61C-8EED1554CFF7}.Release|x64.ActiveCfg = Release|Any CPU
		{289EE75E-CBB6-4179-B61C-8EED1554CFF7}.Release|x64.Build.0 = Release|Any CPU
		{289EE75E-CBB6-4179-B61C-8EED1554CFF7}.Release|x86.ActiveCfg = Release|Any CPU
		{289EE75E-CBB6-4179-B61C-8EED1554CFF7}.Release|x86.Build.0 = Release|Any CPU
		{6F30DB9F-419F-4EAC-AAFC-17C97C94DA9A}.Debug|Any CPU.ActiveCfg = Debug|Win32
		{6F30DB9F-419F-4EAC-AAFC-17C97C94DA9A}.Debug|x64.ActiveCfg = Debug|x64
		{6F30DB9F-419F-4EAC-AAFC-17C97C94DA9A}.Debug|x64.Build.0 = Debug|x64
		{6F30DB9F-419F-4EAC-AAFC-17C97C94DA9A}.Debug|x86.ActiveCfg = Debug|Win32
		{6F30DB9F-419F-4EAC-AAFC-17C97C94DA9A}.Debug|x86.Build.0 = Debug|Win32
		{6F30DB9F-419F-4EAC-AAFC-17C97C94DA9A}.Release|Any CPU.ActiveCfg = Release|Win32
		{6F30DB9F-419F-4EAC-AAFC-17C97C94DA9A}.Release|x64.ActiveCfg = Release|x64
		{6F30DB9F-419F-4EAC-AAFC-17C97C94DA9A}.Release|x64.Build.0 = Release|x64
		{6F30DB9F-419F-4EAC-AAFC-17C97C94DA9A}.Release|x86.ActiveCfg = Release|Win32
		{6F30DB9F-419F-4EAC-AAFC-17C97C94DA9A}.Release|x86.Build.0 = Release|Win32
		{93AAED31-C6A6-4BFE-ABED-D750C575BA10}.Debug|Any CPU.ActiveCfg = Debug|Win32
		{93AAED31-C6A6-4BFE-ABED-D750C575BA10}.Debug|x64.ActiveCfg = Debug|x64
		{93AAED31-C6A6-4BFE-ABED-D750C575BA10}.Debug|x64.Build.0 = Debug|x64
		{93AAED31-C6A6-4BFE-ABED-D750C575BA10}.Debug|x86.ActiveCfg = Debug|Win32
		{93AAED31-C6A6-4BFE-ABED-D750C575BA10}.Debug|x86.Build.0 = Debug|Win32
		{93AAED31-C6A6-4BFE-ABED-D750C575BA10}.Release|Any CPU.ActiveCfg = Release|Win32
		{93AAED31-C6A6-4BFE-ABED-D750C575BA10}.Release|x64.ActiveCfg = Release|x64
		{93AAED31-C6A6-4BFE-ABED-D750C575BA10}.Release|x64.Build.0 = Release|x64
		{93AAED31-C6A6-4BFE-ABED-D750C575BA10}.Release|x86.ActiveCfg = Release|Win32
		{93AAED31-C6A6-4BFE-ABED-D750C575BA10}.Release|x86.Build.0 = Release|Win32
	EndGlobalSection
	GlobalSection(SolutionProperties) = preSolution
		HideSolutionNode = FALSE
	EndGlobalSection
	GlobalSection(NestedProjects) = preSolution
		{485C13B7-2858-428F-9010-3B44E7C10E77} = {C04B9095-2EFB-4974-88A7-D3DC051C98BF}
		{0468DB6A-4DA8-4214-880A-499B08D315DE} = {C04B9095-2EFB-4974-88A7-D3DC051C98BF}
		{0B171E0C-0CB1-4FFD-AC55-79BBF0C233B9} = {C04B9095-2EFB-4974-88A7-D3DC051C98BF}
		{EA4A2711-386D-4A1B-9234-CBFFE3D23307} = {C04B9095-2EFB-4974-88A7-D3DC051C98BF}
		{57C79223-CCBE-4565-A175-6232DA9C50FC} = {6F8A4C3F-3547-4B0C-BA77-69BD9A4C08C8}
		{080FBAE5-1808-4022-A1AF-14F43D8E6030} = {B4A54678-F45D-4252-8CDF-9D549E42797A}
		{30A41C70-7668-40F7-9DC3-1870F440ABB1} = {B4A54678-F45D-4252-8CDF-9D549E42797A}
		{289EE75E-CBB6-4179-B61C-8EED1554CFF7} = {D2773C29-88F8-4B67-9874-4534A47A9D74}
		{6F30DB9F-419F-4EAC-AAFC-17C97C94DA9A} = {C04B9095-2EFB-4974-88A7-D3DC051C98BF}
		{93AAED31-C6A6-4BFE-ABED-D750C575BA10} = {C04B9095-2EFB-4974-88A7-D3DC051C98BF}
		{AEAC44E5-9F57-4087-A236-272D35364B50} = {C04B9095-2EFB-4974-88A7-D3DC051C98BF}
	EndGlobalSection
	GlobalSection(ExtensibilityGlobals) = postSolution
		SolutionGuid = {EA93387E-2359-4A31-9AE3-693830AEC329}
	EndGlobalSection
EndGlobal
