<?xml version="1.0" encoding="utf-8"?>
<Project ToolsVersion="16.0" xmlns="http://schemas.microsoft.com/developer/msbuild/2003">
  <ItemGroup>
    <Filter Include="Files">
      <UniqueIdentifier>{e9f92384-33de-4567-ac81-601cc1c65521}</UniqueIdentifier>
    </Filter>
    <Filter Include="Files\Catch">
      <UniqueIdentifier>{36abadce-429e-4b62-9e22-98a0b1ba6ed1}</UniqueIdentifier>
    </Filter>
  </ItemGroup>
  <ItemGroup>
    <ClCompile Include="$(RefTest_SourceDir)main.cpp">
      <Filter>Files\Catch</Filter>
    </ClCompile>
    <ClCompile Include="$(RefTest_SourceDir)Catch_Testset03\UT_Tests01.cpp">
      <Filter>Files</Filter>
    </ClCompile>
    <ClCompile Include="$(RefTest_SourceDir)Catch_Testset03\UT_Tests02.cpp">
      <Filter>Files</Filter>
    </ClCompile>
    <ClCompile Include="$(RefTest_SourceDir)Catch_Testset03\UT_Tests03.cpp">
      <Filter>Files</Filter>
    </ClCompile>
    <ClCompile Include="$(RefTest_SourceDir)Catch_Testset03\UT_Tests04.cpp">
      <Filter>Files</Filter>
    </ClCompile>
    <ClCompile Include="$(RefTest_SourceDir)Catch_Testset03\UT_Tests05.cpp">
      <Filter>Files</Filter>
    </ClCompile>
    <ClCompile Include="$(RefTest_SourceDir)Catch_Testset03\UT_Tests06.cpp">
      <Filter>Files</Filter>
    </ClCompile>
    <ClCompile Include="$(RefTest_SourceDir)Catch_Testset03\UT_Tests07.cpp">
      <Filter>Files</Filter>
    </ClCompile>
    <ClCompile Include="$(RefTest_SourceDir)Catch_Testset03\UT_Tests08.cpp">
      <Filter>Files</Filter>
    </ClCompile>
    <ClCompile Include="$(RefTest_SourceDir)Catch_Testset03\UT_Tests09.cpp">
      <Filter>Files</Filter>
    </ClCompile>
  </ItemGroup>
</Project>